// !$*UTF8*$!
{
	archiveVersion = 1;
	classes = {
	};
	objectVersion = 46;
	objects = {

/* Begin PBXBuildFile section */
		249EE46AC94AF680970DCE69 /* libPods-SmartMall.a in Frameworks */ = {isa = PBXBuildFile; fileRef = 0CCBCD19B6B82DB0CECE6BF8 /* libPods-SmartMall.a */; };
		440D3CC01ED910F900C09F01 /* back@3x.png in Resources */ = {isa = PBXBuildFile; fileRef = 440D3CBF1ED910F900C09F01 /* back@3x.png */; };
		440D3CCA1ED919C700C09F01 /* KMSwizzle.m in Sources */ = {isa = PBXBuildFile; fileRef = 440D3CC31ED919C700C09F01 /* KMSwizzle.m */; };
		440D3CCB1ED919C700C09F01 /* KMWeakObjectContainer.m in Sources */ = {isa = PBXBuildFile; fileRef = 440D3CC51ED919C700C09F01 /* KMWeakObjectContainer.m */; };
		440D3CCC1ED919C700C09F01 /* UINavigationController+KMNavigationBarTransition.m in Sources */ = {isa = PBXBuildFile; fileRef = 440D3CC71ED919C700C09F01 /* UINavigationController+KMNavigationBarTransition.m */; };
		440D3CCD1ED919C700C09F01 /* UIViewController+KMNavigationBarTransition.m in Sources */ = {isa = PBXBuildFile; fileRef = 440D3CC91ED919C700C09F01 /* UIViewController+KMNavigationBarTransition.m */; };
		440D3D1E1ED9254F00C09F01 /* RITLPhotoBaseViewModel.m in Sources */ = {isa = PBXBuildFile; fileRef = 440D3CD11ED9254F00C09F01 /* RITLPhotoBaseViewModel.m */; };
		440D3D1F1ED9254F00C09F01 /* RITLPhotoBrowseCell.m in Sources */ = {isa = PBXBuildFile; fileRef = 440D3CD41ED9254F00C09F01 /* RITLPhotoBrowseCell.m */; };
		440D3D201ED9254F00C09F01 /* RITLPhotoBrowseController.m in Sources */ = {isa = PBXBuildFile; fileRef = 440D3CD61ED9254F00C09F01 /* RITLPhotoBrowseController.m */; };
		440D3D211ED9254F00C09F01 /* RITLPhotoBrowseViewModel.m in Sources */ = {isa = PBXBuildFile; fileRef = 440D3CD81ED9254F00C09F01 /* RITLPhotoBrowseViewModel.m */; };
		440D3D221ED9254F00C09F01 /* RITLPhotoGroupCell.m in Sources */ = {isa = PBXBuildFile; fileRef = 440D3CDB1ED9254F00C09F01 /* RITLPhotoGroupCell.m */; };
		440D3D231ED9254F00C09F01 /* RITLPhotoGroupViewController.m in Sources */ = {isa = PBXBuildFile; fileRef = 440D3CDD1ED9254F00C09F01 /* RITLPhotoGroupViewController.m */; };
		440D3D241ED9254F00C09F01 /* RITLPhotoGroupViewModel.m in Sources */ = {isa = PBXBuildFile; fileRef = 440D3CDF1ED9254F00C09F01 /* RITLPhotoGroupViewModel.m */; };
		440D3D251ED9254F00C09F01 /* RITLPhotoNavigationViewController.m in Sources */ = {isa = PBXBuildFile; fileRef = 440D3CE21ED9254F00C09F01 /* RITLPhotoNavigationViewController.m */; };
		440D3D261ED9254F00C09F01 /* RITLPhotoNavigationViewModel.m in Sources */ = {isa = PBXBuildFile; fileRef = 440D3CE41ED9254F00C09F01 /* RITLPhotoNavigationViewModel.m */; };
		440D3D271ED9254F00C09F01 /* RITLPhotoBridgeManager.m in Sources */ = {isa = PBXBuildFile; fileRef = 440D3CE71ED9254F00C09F01 /* RITLPhotoBridgeManager.m */; };
		440D3D281ED9254F00C09F01 /* RITLPhotoCacheManager.mm in Sources */ = {isa = PBXBuildFile; fileRef = 440D3CE91ED9254F00C09F01 /* RITLPhotoCacheManager.mm */; };
		440D3D291ED9254F00C09F01 /* RITLPhotoHandleManager.m in Sources */ = {isa = PBXBuildFile; fileRef = 440D3CEB1ED9254F00C09F01 /* RITLPhotoHandleManager.m */; };
		440D3D2A1ED9254F00C09F01 /* RITLPhotoBottomReusableView.m in Sources */ = {isa = PBXBuildFile; fileRef = 440D3CEE1ED9254F00C09F01 /* RITLPhotoBottomReusableView.m */; };
		440D3D2B1ED9254F00C09F01 /* RITLPhotoPreviewController.m in Sources */ = {isa = PBXBuildFile; fileRef = 440D3CF01ED9254F00C09F01 /* RITLPhotoPreviewController.m */; };
		440D3D2C1ED9254F00C09F01 /* RITLPhotosCell.m in Sources */ = {isa = PBXBuildFile; fileRef = 440D3CF21ED9254F00C09F01 /* RITLPhotosCell.m */; };
		440D3D2D1ED9254F00C09F01 /* RITLPhotosViewController.m in Sources */ = {isa = PBXBuildFile; fileRef = 440D3CF41ED9254F00C09F01 /* RITLPhotosViewController.m */; };
		440D3D2E1ED9254F00C09F01 /* RITLPhotosViewModel.m in Sources */ = {isa = PBXBuildFile; fileRef = 440D3CF61ED9254F00C09F01 /* RITLPhotosViewModel.m */; };
		440D3D2F1ED9254F00C09F01 /* Localizable.strings in Resources */ = {isa = PBXBuildFile; fileRef = 440D3CF81ED9254F00C09F01 /* Localizable.strings */; };
		440D3D301ED9254F00C09F01 /* RITLPhotoRequestStore.m in Sources */ = {isa = PBXBuildFile; fileRef = 440D3CFB1ED9254F00C09F01 /* RITLPhotoRequestStore.m */; };
		440D3D311ED9254F00C09F01 /* RITLPhotoStore.m in Sources */ = {isa = PBXBuildFile; fileRef = 440D3CFD1ED9254F00C09F01 /* RITLPhotoStore.m */; };
		440D3D321ED9254F00C09F01 /* RITLPhotoStoreConfiguraion.m in Sources */ = {isa = PBXBuildFile; fileRef = 440D3CFF1ED9254F00C09F01 /* RITLPhotoStoreConfiguraion.m */; };
		440D3D331ED9254F00C09F01 /* PHAsset+RITLPhotoRepresentation.m in Sources */ = {isa = PBXBuildFile; fileRef = 440D3D041ED9254F00C09F01 /* PHAsset+RITLPhotoRepresentation.m */; };
		440D3D341ED9254F00C09F01 /* PHAssetCollection+RITLPhotoRepresentation.m in Sources */ = {isa = PBXBuildFile; fileRef = 440D3D061ED9254F00C09F01 /* PHAssetCollection+RITLPhotoRepresentation.m */; };
		440D3D351ED9254F00C09F01 /* PHFetchResult+RITLPhotoRepresentation.m in Sources */ = {isa = PBXBuildFile; fileRef = 440D3D081ED9254F00C09F01 /* PHFetchResult+RITLPhotoRepresentation.m */; };
		440D3D361ED9254F00C09F01 /* PHImageRequestOptions+RITLPhotoRepresentation.m in Sources */ = {isa = PBXBuildFile; fileRef = 440D3D0A1ED9254F00C09F01 /* PHImageRequestOptions+RITLPhotoRepresentation.m */; };
		440D3D371ED9254F00C09F01 /* UIBar+RITLPhotos.m in Sources */ = {isa = PBXBuildFile; fileRef = 440D3D0C1ED9254F00C09F01 /* UIBar+RITLPhotos.m */; };
		440D3D381ED9254F00C09F01 /* UIButton+RITLBlockButton.m in Sources */ = {isa = PBXBuildFile; fileRef = 440D3D0E1ED9254F00C09F01 /* UIButton+RITLBlockButton.m */; };
		440D3D391ED9254F00C09F01 /* UIView+RITLFrameChanged.m in Sources */ = {isa = PBXBuildFile; fileRef = 440D3D101ED9254F00C09F01 /* UIView+RITLFrameChanged.m */; };
		440D3D3A1ED9254F00C09F01 /* UIViewController+RITLPhotoAlertController.m in Sources */ = {isa = PBXBuildFile; fileRef = 440D3D121ED9254F00C09F01 /* UIViewController+RITLPhotoAlertController.m */; };
		440D3D3B1ED9254F00C09F01 /* RITLPhotos.xcassets in Resources */ = {isa = PBXBuildFile; fileRef = 440D3D1D1ED9254F00C09F01 /* RITLPhotos.xcassets */; };
		440D3D3D1ED925C400C09F01 /* Photos.framework in Frameworks */ = {isa = PBXBuildFile; fileRef = 440D3D3C1ED925C400C09F01 /* Photos.framework */; };
		440D3D411ED92F5800C09F01 /* RMBannerView.m in Sources */ = {isa = PBXBuildFile; fileRef = 440D3D401ED92F5800C09F01 /* RMBannerView.m */; };
		440D3D441ED94ED800C09F01 /* BannerCell.m in Sources */ = {isa = PBXBuildFile; fileRef = 440D3D431ED94ED800C09F01 /* BannerCell.m */; };
		440D3D461ED9547300C09F01 /* default_375_250@2x.png in Resources */ = {isa = PBXBuildFile; fileRef = 440D3D451ED9547300C09F01 /* default_375_250@2x.png */; };
		444E66A11ED6B0FC0016C80D /* AppDelegate.m in Sources */ = {isa = PBXBuildFile; fileRef = 444E66A01ED6B0FC0016C80D /* AppDelegate.m */; };
		444E66AB1ED6B15F0016C80D /* LaunchManager.m in Sources */ = {isa = PBXBuildFile; fileRef = 444E66A51ED6B15F0016C80D /* LaunchManager.m */; };
		444E66AC1ED6B15F0016C80D /* BaseDBModel.m in Sources */ = {isa = PBXBuildFile; fileRef = 444E66A81ED6B15F0016C80D /* BaseDBModel.m */; };
		444E66AD1ED6B15F0016C80D /* DataBaseManager.m in Sources */ = {isa = PBXBuildFile; fileRef = 444E66AA1ED6B15F0016C80D /* DataBaseManager.m */; };
		448CF8E01ED7B64100AE26CF /* HomeViewController.m in Sources */ = {isa = PBXBuildFile; fileRef = 448CF8DB1ED7B64100AE26CF /* HomeViewController.m */; };
		448CF8E11ED7B64100AE26CF /* NextViewController.m in Sources */ = {isa = PBXBuildFile; fileRef = 448CF8DD1ED7B64100AE26CF /* NextViewController.m */; };
		448CF8E61ED7BB5E00AE26CF /* AppDelegate+CompletionHandler.m in Sources */ = {isa = PBXBuildFile; fileRef = 448CF8E51ED7BB5E00AE26CF /* AppDelegate+CompletionHandler.m */; };
		448CF8EE1ED7BEBD00AE26CF /* ChineseToPinyin.m in Sources */ = {isa = PBXBuildFile; fileRef = 448CF8E91ED7BEBD00AE26CF /* ChineseToPinyin.m */; };
		448CF8EF1ED7BEBD00AE26CF /* LocationInfo.m in Sources */ = {isa = PBXBuildFile; fileRef = 448CF8EB1ED7BEBD00AE26CF /* LocationInfo.m */; };
		448CF8F01ED7BEBD00AE26CF /* LocationManager.m in Sources */ = {isa = PBXBuildFile; fileRef = 448CF8ED1ED7BEBD00AE26CF /* LocationManager.m */; };
		448CF8F31ED7C93D00AE26CF /* UserManager.m in Sources */ = {isa = PBXBuildFile; fileRef = 448CF8F21ED7C93D00AE26CF /* UserManager.m */; };
		448CF8F61ED7C9A400AE26CF /* RMBaseRequest.m in Sources */ = {isa = PBXBuildFile; fileRef = 448CF8F51ED7C9A400AE26CF /* RMBaseRequest.m */; };
		448CF8F91ED7CD6800AE26CF /* AppDelegate+PushHandler.m in Sources */ = {isa = PBXBuildFile; fileRef = 448CF8F81ED7CD6800AE26CF /* AppDelegate+PushHandler.m */; };
		448CF8FE1ED7D09B00AE26CF /* PPNetworkCache.m in Sources */ = {isa = PBXBuildFile; fileRef = 448CF8FB1ED7D09B00AE26CF /* PPNetworkCache.m */; };
		448CF8FF1ED7D09B00AE26CF /* PPNetworkHelper.m in Sources */ = {isa = PBXBuildFile; fileRef = 448CF8FD1ED7D09B00AE26CF /* PPNetworkHelper.m */; };
		44D676541ED5272F00579497 /* main.m in Sources */ = {isa = PBXBuildFile; fileRef = 44D676531ED5272F00579497 /* main.m */; };
		44D6765F1ED5272F00579497 /* Assets.xcassets in Resources */ = {isa = PBXBuildFile; fileRef = 44D6765E1ED5272F00579497 /* Assets.xcassets */; };
		44D676781ED55AF100579497 /* NSDate+RMFoundation.m in Sources */ = {isa = PBXBuildFile; fileRef = 44D676771ED55AF100579497 /* NSDate+RMFoundation.m */; };
		44D6767F1ED55D1D00579497 /* RMViewController.m in Sources */ = {isa = PBXBuildFile; fileRef = 44D6767E1ED55D1D00579497 /* RMViewController.m */; };
		44D676921ED55EBF00579497 /* ContainerViewController.m in Sources */ = {isa = PBXBuildFile; fileRef = 44D676911ED55EBF00579497 /* ContainerViewController.m */; };
		44D676951ED561EC00579497 /* UIColor+RMFoundation.m in Sources */ = {isa = PBXBuildFile; fileRef = 44D676941ED561EC00579497 /* UIColor+RMFoundation.m */; };
		44D6769E1ED5684400579497 /* UIImage+RMFoundation.m in Sources */ = {isa = PBXBuildFile; fileRef = 44D6769D1ED5684400579497 /* UIImage+RMFoundation.m */; };
		44D676A21ED56A3A00579497 /* RMNavigationController.m in Sources */ = {isa = PBXBuildFile; fileRef = 44D676A11ED56A3A00579497 /* RMNavigationController.m */; };
		44D676B21ED57A4400579497 /* RMUtils.m in Sources */ = {isa = PBXBuildFile; fileRef = 44D676B11ED57A4400579497 /* RMUtils.m */; };
		44D676B51ED57B0700579497 /* NSString+RMFoundation.m in Sources */ = {isa = PBXBuildFile; fileRef = 44D676B41ED57B0700579497 /* NSString+RMFoundation.m */; };
		44D676B71ED57BF400579497 /* iOSPlatform.plist in Resources */ = {isa = PBXBuildFile; fileRef = 44D676B61ED57BF400579497 /* iOSPlatform.plist */; };
/* End PBXBuildFile section */

/* Begin PBXFileReference section */
		0CCBCD19B6B82DB0CECE6BF8 /* libPods-SmartMall.a */ = {isa = PBXFileReference; explicitFileType = archive.ar; includeInIndex = 0; path = "libPods-SmartMall.a"; sourceTree = BUILT_PRODUCTS_DIR; };
		440D3CBF1ED910F900C09F01 /* back@3x.png */ = {isa = PBXFileReference; lastKnownFileType = image.png; path = "back@3x.png"; sourceTree = "<group>"; };
		440D3CC21ED919C700C09F01 /* KMSwizzle.h */ = {isa = PBXFileReference; fileEncoding = 4; lastKnownFileType = sourcecode.c.h; path = KMSwizzle.h; sourceTree = "<group>"; };
		440D3CC31ED919C700C09F01 /* KMSwizzle.m */ = {isa = PBXFileReference; fileEncoding = 4; lastKnownFileType = sourcecode.c.objc; path = KMSwizzle.m; sourceTree = "<group>"; };
		440D3CC41ED919C700C09F01 /* KMWeakObjectContainer.h */ = {isa = PBXFileReference; fileEncoding = 4; lastKnownFileType = sourcecode.c.h; path = KMWeakObjectContainer.h; sourceTree = "<group>"; };
		440D3CC51ED919C700C09F01 /* KMWeakObjectContainer.m */ = {isa = PBXFileReference; fileEncoding = 4; lastKnownFileType = sourcecode.c.objc; path = KMWeakObjectContainer.m; sourceTree = "<group>"; };
		440D3CC61ED919C700C09F01 /* UINavigationController+KMNavigationBarTransition.h */ = {isa = PBXFileReference; fileEncoding = 4; lastKnownFileType = sourcecode.c.h; path = "UINavigationController+KMNavigationBarTransition.h"; sourceTree = "<group>"; };
		440D3CC71ED919C700C09F01 /* UINavigationController+KMNavigationBarTransition.m */ = {isa = PBXFileReference; fileEncoding = 4; lastKnownFileType = sourcecode.c.objc; path = "UINavigationController+KMNavigationBarTransition.m"; sourceTree = "<group>"; };
		440D3CC81ED919C700C09F01 /* UIViewController+KMNavigationBarTransition.h */ = {isa = PBXFileReference; fileEncoding = 4; lastKnownFileType = sourcecode.c.h; path = "UIViewController+KMNavigationBarTransition.h"; sourceTree = "<group>"; };
		440D3CC91ED919C700C09F01 /* UIViewController+KMNavigationBarTransition.m */ = {isa = PBXFileReference; fileEncoding = 4; lastKnownFileType = sourcecode.c.objc; path = "UIViewController+KMNavigationBarTransition.m"; sourceTree = "<group>"; };
		440D3CD01ED9254F00C09F01 /* RITLPhotoBaseViewModel.h */ = {isa = PBXFileReference; fileEncoding = 4; lastKnownFileType = sourcecode.c.h; path = RITLPhotoBaseViewModel.h; sourceTree = "<group>"; };
		440D3CD11ED9254F00C09F01 /* RITLPhotoBaseViewModel.m */ = {isa = PBXFileReference; fileEncoding = 4; lastKnownFileType = sourcecode.c.objc; path = RITLPhotoBaseViewModel.m; sourceTree = "<group>"; };
		440D3CD31ED9254F00C09F01 /* RITLPhotoBrowseCell.h */ = {isa = PBXFileReference; fileEncoding = 4; lastKnownFileType = sourcecode.c.h; path = RITLPhotoBrowseCell.h; sourceTree = "<group>"; };
		440D3CD41ED9254F00C09F01 /* RITLPhotoBrowseCell.m */ = {isa = PBXFileReference; fileEncoding = 4; lastKnownFileType = sourcecode.c.objc; path = RITLPhotoBrowseCell.m; sourceTree = "<group>"; };
		440D3CD51ED9254F00C09F01 /* RITLPhotoBrowseController.h */ = {isa = PBXFileReference; fileEncoding = 4; lastKnownFileType = sourcecode.c.h; path = RITLPhotoBrowseController.h; sourceTree = "<group>"; };
		440D3CD61ED9254F00C09F01 /* RITLPhotoBrowseController.m */ = {isa = PBXFileReference; fileEncoding = 4; lastKnownFileType = sourcecode.c.objc; path = RITLPhotoBrowseController.m; sourceTree = "<group>"; };
		440D3CD71ED9254F00C09F01 /* RITLPhotoBrowseViewModel.h */ = {isa = PBXFileReference; fileEncoding = 4; lastKnownFileType = sourcecode.c.h; path = RITLPhotoBrowseViewModel.h; sourceTree = "<group>"; };
		440D3CD81ED9254F00C09F01 /* RITLPhotoBrowseViewModel.m */ = {isa = PBXFileReference; fileEncoding = 4; lastKnownFileType = sourcecode.c.objc; path = RITLPhotoBrowseViewModel.m; sourceTree = "<group>"; };
		440D3CDA1ED9254F00C09F01 /* RITLPhotoGroupCell.h */ = {isa = PBXFileReference; fileEncoding = 4; lastKnownFileType = sourcecode.c.h; path = RITLPhotoGroupCell.h; sourceTree = "<group>"; };
		440D3CDB1ED9254F00C09F01 /* RITLPhotoGroupCell.m */ = {isa = PBXFileReference; fileEncoding = 4; lastKnownFileType = sourcecode.c.objc; path = RITLPhotoGroupCell.m; sourceTree = "<group>"; };
		440D3CDC1ED9254F00C09F01 /* RITLPhotoGroupViewController.h */ = {isa = PBXFileReference; fileEncoding = 4; lastKnownFileType = sourcecode.c.h; path = RITLPhotoGroupViewController.h; sourceTree = "<group>"; };
		440D3CDD1ED9254F00C09F01 /* RITLPhotoGroupViewController.m */ = {isa = PBXFileReference; fileEncoding = 4; lastKnownFileType = sourcecode.c.objc; path = RITLPhotoGroupViewController.m; sourceTree = "<group>"; };
		440D3CDE1ED9254F00C09F01 /* RITLPhotoGroupViewModel.h */ = {isa = PBXFileReference; fileEncoding = 4; lastKnownFileType = sourcecode.c.h; path = RITLPhotoGroupViewModel.h; sourceTree = "<group>"; };
		440D3CDF1ED9254F00C09F01 /* RITLPhotoGroupViewModel.m */ = {isa = PBXFileReference; fileEncoding = 4; lastKnownFileType = sourcecode.c.objc; path = RITLPhotoGroupViewModel.m; sourceTree = "<group>"; };
		440D3CE11ED9254F00C09F01 /* RITLPhotoNavigationViewController.h */ = {isa = PBXFileReference; fileEncoding = 4; lastKnownFileType = sourcecode.c.h; path = RITLPhotoNavigationViewController.h; sourceTree = "<group>"; };
		440D3CE21ED9254F00C09F01 /* RITLPhotoNavigationViewController.m */ = {isa = PBXFileReference; fileEncoding = 4; lastKnownFileType = sourcecode.c.objc; path = RITLPhotoNavigationViewController.m; sourceTree = "<group>"; };
		440D3CE31ED9254F00C09F01 /* RITLPhotoNavigationViewModel.h */ = {isa = PBXFileReference; fileEncoding = 4; lastKnownFileType = sourcecode.c.h; path = RITLPhotoNavigationViewModel.h; sourceTree = "<group>"; };
		440D3CE41ED9254F00C09F01 /* RITLPhotoNavigationViewModel.m */ = {isa = PBXFileReference; fileEncoding = 4; lastKnownFileType = sourcecode.c.objc; path = RITLPhotoNavigationViewModel.m; sourceTree = "<group>"; };
		440D3CE61ED9254F00C09F01 /* RITLPhotoBridgeManager.h */ = {isa = PBXFileReference; fileEncoding = 4; lastKnownFileType = sourcecode.c.h; path = RITLPhotoBridgeManager.h; sourceTree = "<group>"; };
		440D3CE71ED9254F00C09F01 /* RITLPhotoBridgeManager.m */ = {isa = PBXFileReference; fileEncoding = 4; lastKnownFileType = sourcecode.c.objc; path = RITLPhotoBridgeManager.m; sourceTree = "<group>"; };
		440D3CE81ED9254F00C09F01 /* RITLPhotoCacheManager.h */ = {isa = PBXFileReference; fileEncoding = 4; lastKnownFileType = sourcecode.c.h; path = RITLPhotoCacheManager.h; sourceTree = "<group>"; };
		440D3CE91ED9254F00C09F01 /* RITLPhotoCacheManager.mm */ = {isa = PBXFileReference; fileEncoding = 4; lastKnownFileType = sourcecode.cpp.objcpp; path = RITLPhotoCacheManager.mm; sourceTree = "<group>"; };
		440D3CEA1ED9254F00C09F01 /* RITLPhotoHandleManager.h */ = {isa = PBXFileReference; fileEncoding = 4; lastKnownFileType = sourcecode.c.h; path = RITLPhotoHandleManager.h; sourceTree = "<group>"; };
		440D3CEB1ED9254F00C09F01 /* RITLPhotoHandleManager.m */ = {isa = PBXFileReference; fileEncoding = 4; lastKnownFileType = sourcecode.c.objc; path = RITLPhotoHandleManager.m; sourceTree = "<group>"; };
		440D3CED1ED9254F00C09F01 /* RITLPhotoBottomReusableView.h */ = {isa = PBXFileReference; fileEncoding = 4; lastKnownFileType = sourcecode.c.h; path = RITLPhotoBottomReusableView.h; sourceTree = "<group>"; };
		440D3CEE1ED9254F00C09F01 /* RITLPhotoBottomReusableView.m */ = {isa = PBXFileReference; fileEncoding = 4; lastKnownFileType = sourcecode.c.objc; path = RITLPhotoBottomReusableView.m; sourceTree = "<group>"; };
		440D3CEF1ED9254F00C09F01 /* RITLPhotoPreviewController.h */ = {isa = PBXFileReference; fileEncoding = 4; lastKnownFileType = sourcecode.c.h; path = RITLPhotoPreviewController.h; sourceTree = "<group>"; };
		440D3CF01ED9254F00C09F01 /* RITLPhotoPreviewController.m */ = {isa = PBXFileReference; fileEncoding = 4; lastKnownFileType = sourcecode.c.objc; path = RITLPhotoPreviewController.m; sourceTree = "<group>"; };
		440D3CF11ED9254F00C09F01 /* RITLPhotosCell.h */ = {isa = PBXFileReference; fileEncoding = 4; lastKnownFileType = sourcecode.c.h; path = RITLPhotosCell.h; sourceTree = "<group>"; };
		440D3CF21ED9254F00C09F01 /* RITLPhotosCell.m */ = {isa = PBXFileReference; fileEncoding = 4; lastKnownFileType = sourcecode.c.objc; path = RITLPhotosCell.m; sourceTree = "<group>"; };
		440D3CF31ED9254F00C09F01 /* RITLPhotosViewController.h */ = {isa = PBXFileReference; fileEncoding = 4; lastKnownFileType = sourcecode.c.h; path = RITLPhotosViewController.h; sourceTree = "<group>"; };
		440D3CF41ED9254F00C09F01 /* RITLPhotosViewController.m */ = {isa = PBXFileReference; fileEncoding = 4; lastKnownFileType = sourcecode.c.objc; path = RITLPhotosViewController.m; sourceTree = "<group>"; };
		440D3CF51ED9254F00C09F01 /* RITLPhotosViewModel.h */ = {isa = PBXFileReference; fileEncoding = 4; lastKnownFileType = sourcecode.c.h; path = RITLPhotosViewModel.h; sourceTree = "<group>"; };
		440D3CF61ED9254F00C09F01 /* RITLPhotosViewModel.m */ = {isa = PBXFileReference; fileEncoding = 4; lastKnownFileType = sourcecode.c.objc; path = RITLPhotosViewModel.m; sourceTree = "<group>"; };
		440D3CF91ED9254F00C09F01 /* en */ = {isa = PBXFileReference; lastKnownFileType = text.plist.strings; name = en; path = en.lproj/Localizable.strings; sourceTree = "<group>"; };
		440D3CFA1ED9254F00C09F01 /* RITLPhotoRequestStore.h */ = {isa = PBXFileReference; fileEncoding = 4; lastKnownFileType = sourcecode.c.h; path = RITLPhotoRequestStore.h; sourceTree = "<group>"; };
		440D3CFB1ED9254F00C09F01 /* RITLPhotoRequestStore.m */ = {isa = PBXFileReference; fileEncoding = 4; lastKnownFileType = sourcecode.c.objc; path = RITLPhotoRequestStore.m; sourceTree = "<group>"; };
		440D3CFC1ED9254F00C09F01 /* RITLPhotoStore.h */ = {isa = PBXFileReference; fileEncoding = 4; lastKnownFileType = sourcecode.c.h; path = RITLPhotoStore.h; sourceTree = "<group>"; };
		440D3CFD1ED9254F00C09F01 /* RITLPhotoStore.m */ = {isa = PBXFileReference; fileEncoding = 4; lastKnownFileType = sourcecode.c.objc; path = RITLPhotoStore.m; sourceTree = "<group>"; };
		440D3CFE1ED9254F00C09F01 /* RITLPhotoStoreConfiguraion.h */ = {isa = PBXFileReference; fileEncoding = 4; lastKnownFileType = sourcecode.c.h; path = RITLPhotoStoreConfiguraion.h; sourceTree = "<group>"; };
		440D3CFF1ED9254F00C09F01 /* RITLPhotoStoreConfiguraion.m */ = {isa = PBXFileReference; fileEncoding = 4; lastKnownFileType = sourcecode.c.objc; path = RITLPhotoStoreConfiguraion.m; sourceTree = "<group>"; };
		440D3D001ED9254F00C09F01 /* zh-Hans */ = {isa = PBXFileReference; lastKnownFileType = text.plist.strings; name = "zh-Hans"; path = "zh-Hans.lproj/Localizable.strings"; sourceTree = "<group>"; };
		440D3D031ED9254F00C09F01 /* PHAsset+RITLPhotoRepresentation.h */ = {isa = PBXFileReference; fileEncoding = 4; lastKnownFileType = sourcecode.c.h; path = "PHAsset+RITLPhotoRepresentation.h"; sourceTree = "<group>"; };
		440D3D041ED9254F00C09F01 /* PHAsset+RITLPhotoRepresentation.m */ = {isa = PBXFileReference; fileEncoding = 4; lastKnownFileType = sourcecode.c.objc; path = "PHAsset+RITLPhotoRepresentation.m"; sourceTree = "<group>"; };
		440D3D051ED9254F00C09F01 /* PHAssetCollection+RITLPhotoRepresentation.h */ = {isa = PBXFileReference; fileEncoding = 4; lastKnownFileType = sourcecode.c.h; path = "PHAssetCollection+RITLPhotoRepresentation.h"; sourceTree = "<group>"; };
		440D3D061ED9254F00C09F01 /* PHAssetCollection+RITLPhotoRepresentation.m */ = {isa = PBXFileReference; fileEncoding = 4; lastKnownFileType = sourcecode.c.objc; path = "PHAssetCollection+RITLPhotoRepresentation.m"; sourceTree = "<group>"; };
		440D3D071ED9254F00C09F01 /* PHFetchResult+RITLPhotoRepresentation.h */ = {isa = PBXFileReference; fileEncoding = 4; lastKnownFileType = sourcecode.c.h; path = "PHFetchResult+RITLPhotoRepresentation.h"; sourceTree = "<group>"; };
		440D3D081ED9254F00C09F01 /* PHFetchResult+RITLPhotoRepresentation.m */ = {isa = PBXFileReference; fileEncoding = 4; lastKnownFileType = sourcecode.c.objc; path = "PHFetchResult+RITLPhotoRepresentation.m"; sourceTree = "<group>"; };
		440D3D091ED9254F00C09F01 /* PHImageRequestOptions+RITLPhotoRepresentation.h */ = {isa = PBXFileReference; fileEncoding = 4; lastKnownFileType = sourcecode.c.h; path = "PHImageRequestOptions+RITLPhotoRepresentation.h"; sourceTree = "<group>"; };
		440D3D0A1ED9254F00C09F01 /* PHImageRequestOptions+RITLPhotoRepresentation.m */ = {isa = PBXFileReference; fileEncoding = 4; lastKnownFileType = sourcecode.c.objc; path = "PHImageRequestOptions+RITLPhotoRepresentation.m"; sourceTree = "<group>"; };
		440D3D0B1ED9254F00C09F01 /* UIBar+RITLPhotos.h */ = {isa = PBXFileReference; fileEncoding = 4; lastKnownFileType = sourcecode.c.h; path = "UIBar+RITLPhotos.h"; sourceTree = "<group>"; };
		440D3D0C1ED9254F00C09F01 /* UIBar+RITLPhotos.m */ = {isa = PBXFileReference; fileEncoding = 4; lastKnownFileType = sourcecode.c.objc; path = "UIBar+RITLPhotos.m"; sourceTree = "<group>"; };
		440D3D0D1ED9254F00C09F01 /* UIButton+RITLBlockButton.h */ = {isa = PBXFileReference; fileEncoding = 4; lastKnownFileType = sourcecode.c.h; path = "UIButton+RITLBlockButton.h"; sourceTree = "<group>"; };
		440D3D0E1ED9254F00C09F01 /* UIButton+RITLBlockButton.m */ = {isa = PBXFileReference; fileEncoding = 4; lastKnownFileType = sourcecode.c.objc; path = "UIButton+RITLBlockButton.m"; sourceTree = "<group>"; };
		440D3D0F1ED9254F00C09F01 /* UIView+RITLFrameChanged.h */ = {isa = PBXFileReference; fileEncoding = 4; lastKnownFileType = sourcecode.c.h; path = "UIView+RITLFrameChanged.h"; sourceTree = "<group>"; };
		440D3D101ED9254F00C09F01 /* UIView+RITLFrameChanged.m */ = {isa = PBXFileReference; fileEncoding = 4; lastKnownFileType = sourcecode.c.objc; path = "UIView+RITLFrameChanged.m"; sourceTree = "<group>"; };
		440D3D111ED9254F00C09F01 /* UIViewController+RITLPhotoAlertController.h */ = {isa = PBXFileReference; fileEncoding = 4; lastKnownFileType = sourcecode.c.h; path = "UIViewController+RITLPhotoAlertController.h"; sourceTree = "<group>"; };
		440D3D121ED9254F00C09F01 /* UIViewController+RITLPhotoAlertController.m */ = {isa = PBXFileReference; fileEncoding = 4; lastKnownFileType = sourcecode.c.objc; path = "UIViewController+RITLPhotoAlertController.m"; sourceTree = "<group>"; };
		440D3D141ED9254F00C09F01 /* RITLPhotoCollectionCellViewModel.h */ = {isa = PBXFileReference; fileEncoding = 4; lastKnownFileType = sourcecode.c.h; path = RITLPhotoCollectionCellViewModel.h; sourceTree = "<group>"; };
		440D3D151ED9254F00C09F01 /* RITLPhotoCollectionViewModel.h */ = {isa = PBXFileReference; fileEncoding = 4; lastKnownFileType = sourcecode.c.h; path = RITLPhotoCollectionViewModel.h; sourceTree = "<group>"; };
		440D3D161ED9254F00C09F01 /* RITLPhotoPublicViewModel.h */ = {isa = PBXFileReference; fileEncoding = 4; lastKnownFileType = sourcecode.c.h; path = RITLPhotoPublicViewModel.h; sourceTree = "<group>"; };
		440D3D171ED9254F00C09F01 /* RITLPhotoScrollViewModel.h */ = {isa = PBXFileReference; fileEncoding = 4; lastKnownFileType = sourcecode.c.h; path = RITLPhotoScrollViewModel.h; sourceTree = "<group>"; };
		440D3D181ED9254F00C09F01 /* RITLPhotoTableCellViewModel.h */ = {isa = PBXFileReference; fileEncoding = 4; lastKnownFileType = sourcecode.c.h; path = RITLPhotoTableCellViewModel.h; sourceTree = "<group>"; };
		440D3D191ED9254F00C09F01 /* RITLPhotoTableViewModel.h */ = {isa = PBXFileReference; fileEncoding = 4; lastKnownFileType = sourcecode.c.h; path = RITLPhotoTableViewModel.h; sourceTree = "<group>"; };
		440D3D1A1ED9254F00C09F01 /* RITLPhotoTextFieldViewModel.h */ = {isa = PBXFileReference; fileEncoding = 4; lastKnownFileType = sourcecode.c.h; path = RITLPhotoTextFieldViewModel.h; sourceTree = "<group>"; };
		440D3D1B1ED9254F00C09F01 /* RITLPhotoViewController.h */ = {isa = PBXFileReference; fileEncoding = 4; lastKnownFileType = sourcecode.c.h; path = RITLPhotoViewController.h; sourceTree = "<group>"; };
		440D3D1C1ED9254F00C09F01 /* RITLPhotoConfig.h */ = {isa = PBXFileReference; fileEncoding = 4; lastKnownFileType = sourcecode.c.h; path = RITLPhotoConfig.h; sourceTree = "<group>"; };
		440D3D1D1ED9254F00C09F01 /* RITLPhotos.xcassets */ = {isa = PBXFileReference; lastKnownFileType = folder.assetcatalog; path = RITLPhotos.xcassets; sourceTree = "<group>"; };
		440D3D3C1ED925C400C09F01 /* Photos.framework */ = {isa = PBXFileReference; lastKnownFileType = wrapper.framework; name = Photos.framework; path = System/Library/Frameworks/Photos.framework; sourceTree = SDKROOT; };
		440D3D3F1ED92F5800C09F01 /* RMBannerView.h */ = {isa = PBXFileReference; fileEncoding = 4; lastKnownFileType = sourcecode.c.h; path = RMBannerView.h; sourceTree = "<group>"; };
		440D3D401ED92F5800C09F01 /* RMBannerView.m */ = {isa = PBXFileReference; fileEncoding = 4; lastKnownFileType = sourcecode.c.objc; path = RMBannerView.m; sourceTree = "<group>"; };
		440D3D421ED94ED800C09F01 /* BannerCell.h */ = {isa = PBXFileReference; fileEncoding = 4; lastKnownFileType = sourcecode.c.h; path = BannerCell.h; sourceTree = "<group>"; };
		440D3D431ED94ED800C09F01 /* BannerCell.m */ = {isa = PBXFileReference; fileEncoding = 4; lastKnownFileType = sourcecode.c.objc; path = BannerCell.m; sourceTree = "<group>"; };
		440D3D451ED9547300C09F01 /* default_375_250@2x.png */ = {isa = PBXFileReference; lastKnownFileType = image.png; path = "default_375_250@2x.png"; sourceTree = "<group>"; };
		444E669F1ED6B0FC0016C80D /* AppDelegate.h */ = {isa = PBXFileReference; fileEncoding = 4; lastKnownFileType = sourcecode.c.h; path = AppDelegate.h; sourceTree = "<group>"; };
		444E66A01ED6B0FC0016C80D /* AppDelegate.m */ = {isa = PBXFileReference; fileEncoding = 4; lastKnownFileType = sourcecode.c.objc; path = AppDelegate.m; sourceTree = "<group>"; };
		444E66A41ED6B15F0016C80D /* LaunchManager.h */ = {isa = PBXFileReference; fileEncoding = 4; lastKnownFileType = sourcecode.c.h; path = LaunchManager.h; sourceTree = "<group>"; };
		444E66A51ED6B15F0016C80D /* LaunchManager.m */ = {isa = PBXFileReference; fileEncoding = 4; lastKnownFileType = sourcecode.c.objc; path = LaunchManager.m; sourceTree = "<group>"; };
		444E66A71ED6B15F0016C80D /* BaseDBModel.h */ = {isa = PBXFileReference; fileEncoding = 4; lastKnownFileType = sourcecode.c.h; path = BaseDBModel.h; sourceTree = "<group>"; };
		444E66A81ED6B15F0016C80D /* BaseDBModel.m */ = {isa = PBXFileReference; fileEncoding = 4; lastKnownFileType = sourcecode.c.objc; path = BaseDBModel.m; sourceTree = "<group>"; };
		444E66A91ED6B15F0016C80D /* DataBaseManager.h */ = {isa = PBXFileReference; fileEncoding = 4; lastKnownFileType = sourcecode.c.h; path = DataBaseManager.h; sourceTree = "<group>"; };
		444E66AA1ED6B15F0016C80D /* DataBaseManager.m */ = {isa = PBXFileReference; fileEncoding = 4; lastKnownFileType = sourcecode.c.objc; path = DataBaseManager.m; sourceTree = "<group>"; };
		444E66AE1ED6B2CD0016C80D /* EnumConstant.h */ = {isa = PBXFileReference; lastKnownFileType = sourcecode.c.h; path = EnumConstant.h; sourceTree = "<group>"; };
		444E66AF1ED6B4300016C80D /* FontsConstant.h */ = {isa = PBXFileReference; lastKnownFileType = sourcecode.c.h; path = FontsConstant.h; sourceTree = "<group>"; };
		448CF8DA1ED7B64100AE26CF /* HomeViewController.h */ = {isa = PBXFileReference; fileEncoding = 4; lastKnownFileType = sourcecode.c.h; path = HomeViewController.h; sourceTree = "<group>"; };
		448CF8DB1ED7B64100AE26CF /* HomeViewController.m */ = {isa = PBXFileReference; fileEncoding = 4; lastKnownFileType = sourcecode.c.objc; path = HomeViewController.m; sourceTree = "<group>"; };
		448CF8DC1ED7B64100AE26CF /* NextViewController.h */ = {isa = PBXFileReference; fileEncoding = 4; lastKnownFileType = sourcecode.c.h; path = NextViewController.h; sourceTree = "<group>"; };
		448CF8DD1ED7B64100AE26CF /* NextViewController.m */ = {isa = PBXFileReference; fileEncoding = 4; lastKnownFileType = sourcecode.c.objc; path = NextViewController.m; sourceTree = "<group>"; };
		448CF8E41ED7BB5E00AE26CF /* AppDelegate+CompletionHandler.h */ = {isa = PBXFileReference; fileEncoding = 4; lastKnownFileType = sourcecode.c.h; path = "AppDelegate+CompletionHandler.h"; sourceTree = "<group>"; };
		448CF8E51ED7BB5E00AE26CF /* AppDelegate+CompletionHandler.m */ = {isa = PBXFileReference; fileEncoding = 4; lastKnownFileType = sourcecode.c.objc; path = "AppDelegate+CompletionHandler.m"; sourceTree = "<group>"; };
		448CF8E81ED7BEBD00AE26CF /* ChineseToPinyin.h */ = {isa = PBXFileReference; fileEncoding = 4; lastKnownFileType = sourcecode.c.h; path = ChineseToPinyin.h; sourceTree = "<group>"; };
		448CF8E91ED7BEBD00AE26CF /* ChineseToPinyin.m */ = {isa = PBXFileReference; fileEncoding = 4; lastKnownFileType = sourcecode.c.objc; path = ChineseToPinyin.m; sourceTree = "<group>"; };
		448CF8EA1ED7BEBD00AE26CF /* LocationInfo.h */ = {isa = PBXFileReference; fileEncoding = 4; lastKnownFileType = sourcecode.c.h; path = LocationInfo.h; sourceTree = "<group>"; };
		448CF8EB1ED7BEBD00AE26CF /* LocationInfo.m */ = {isa = PBXFileReference; fileEncoding = 4; lastKnownFileType = sourcecode.c.objc; path = LocationInfo.m; sourceTree = "<group>"; };
		448CF8EC1ED7BEBD00AE26CF /* LocationManager.h */ = {isa = PBXFileReference; fileEncoding = 4; lastKnownFileType = sourcecode.c.h; path = LocationManager.h; sourceTree = "<group>"; };
		448CF8ED1ED7BEBD00AE26CF /* LocationManager.m */ = {isa = PBXFileReference; fileEncoding = 4; lastKnownFileType = sourcecode.c.objc; path = LocationManager.m; sourceTree = "<group>"; };
		448CF8F11ED7C93D00AE26CF /* UserManager.h */ = {isa = PBXFileReference; fileEncoding = 4; lastKnownFileType = sourcecode.c.h; path = UserManager.h; sourceTree = "<group>"; };
		448CF8F21ED7C93D00AE26CF /* UserManager.m */ = {isa = PBXFileReference; fileEncoding = 4; lastKnownFileType = sourcecode.c.objc; path = UserManager.m; sourceTree = "<group>"; };
		448CF8F41ED7C9A400AE26CF /* RMBaseRequest.h */ = {isa = PBXFileReference; fileEncoding = 4; lastKnownFileType = sourcecode.c.h; path = RMBaseRequest.h; sourceTree = "<group>"; };
		448CF8F51ED7C9A400AE26CF /* RMBaseRequest.m */ = {isa = PBXFileReference; fileEncoding = 4; lastKnownFileType = sourcecode.c.objc; path = RMBaseRequest.m; sourceTree = "<group>"; };
		448CF8F71ED7CD6800AE26CF /* AppDelegate+PushHandler.h */ = {isa = PBXFileReference; fileEncoding = 4; lastKnownFileType = sourcecode.c.h; path = "AppDelegate+PushHandler.h"; sourceTree = "<group>"; };
		448CF8F81ED7CD6800AE26CF /* AppDelegate+PushHandler.m */ = {isa = PBXFileReference; fileEncoding = 4; lastKnownFileType = sourcecode.c.objc; path = "AppDelegate+PushHandler.m"; sourceTree = "<group>"; };
		448CF8FA1ED7D09B00AE26CF /* PPNetworkCache.h */ = {isa = PBXFileReference; fileEncoding = 4; lastKnownFileType = sourcecode.c.h; path = PPNetworkCache.h; sourceTree = "<group>"; };
		448CF8FB1ED7D09B00AE26CF /* PPNetworkCache.m */ = {isa = PBXFileReference; fileEncoding = 4; lastKnownFileType = sourcecode.c.objc; path = PPNetworkCache.m; sourceTree = "<group>"; };
		448CF8FC1ED7D09B00AE26CF /* PPNetworkHelper.h */ = {isa = PBXFileReference; fileEncoding = 4; lastKnownFileType = sourcecode.c.h; path = PPNetworkHelper.h; sourceTree = "<group>"; };
		448CF8FD1ED7D09B00AE26CF /* PPNetworkHelper.m */ = {isa = PBXFileReference; fileEncoding = 4; lastKnownFileType = sourcecode.c.objc; path = PPNetworkHelper.m; sourceTree = "<group>"; };
		44D6764F1ED5272F00579497 /* SmartMall.app */ = {isa = PBXFileReference; explicitFileType = wrapper.application; includeInIndex = 0; path = SmartMall.app; sourceTree = BUILT_PRODUCTS_DIR; };
		44D676531ED5272F00579497 /* main.m */ = {isa = PBXFileReference; lastKnownFileType = sourcecode.c.objc; path = main.m; sourceTree = "<group>"; };
		44D6765E1ED5272F00579497 /* Assets.xcassets */ = {isa = PBXFileReference; lastKnownFileType = folder.assetcatalog; path = Assets.xcassets; sourceTree = "<group>"; };
		44D676631ED5272F00579497 /* Info.plist */ = {isa = PBXFileReference; lastKnownFileType = text.plist.xml; path = Info.plist; sourceTree = "<group>"; };
		44D676711ED53C7F00579497 /* SmartMall.pch */ = {isa = PBXFileReference; lastKnownFileType = sourcecode.c.h; path = SmartMall.pch; sourceTree = "<group>"; };
		44D676731ED5590100579497 /* GlobalMarcro.h */ = {isa = PBXFileReference; lastKnownFileType = sourcecode.c.h; path = GlobalMarcro.h; sourceTree = "<group>"; };
		44D676741ED5591C00579497 /* GlobalHeader.h */ = {isa = PBXFileReference; lastKnownFileType = sourcecode.c.h; path = GlobalHeader.h; sourceTree = "<group>"; };
		44D676761ED55AF100579497 /* NSDate+RMFoundation.h */ = {isa = PBXFileReference; fileEncoding = 4; lastKnownFileType = sourcecode.c.h; path = "NSDate+RMFoundation.h"; sourceTree = "<group>"; };
		44D676771ED55AF100579497 /* NSDate+RMFoundation.m */ = {isa = PBXFileReference; fileEncoding = 4; lastKnownFileType = sourcecode.c.objc; path = "NSDate+RMFoundation.m"; sourceTree = "<group>"; };
		44D6767D1ED55D1D00579497 /* RMViewController.h */ = {isa = PBXFileReference; fileEncoding = 4; lastKnownFileType = sourcecode.c.h; path = RMViewController.h; sourceTree = "<group>"; };
		44D6767E1ED55D1D00579497 /* RMViewController.m */ = {isa = PBXFileReference; fileEncoding = 4; lastKnownFileType = sourcecode.c.objc; path = RMViewController.m; sourceTree = "<group>"; };
		44D676901ED55EBF00579497 /* ContainerViewController.h */ = {isa = PBXFileReference; fileEncoding = 4; lastKnownFileType = sourcecode.c.h; path = ContainerViewController.h; sourceTree = "<group>"; };
		44D676911ED55EBF00579497 /* ContainerViewController.m */ = {isa = PBXFileReference; fileEncoding = 4; lastKnownFileType = sourcecode.c.objc; path = ContainerViewController.m; sourceTree = "<group>"; };
		44D676931ED561EC00579497 /* UIColor+RMFoundation.h */ = {isa = PBXFileReference; fileEncoding = 4; lastKnownFileType = sourcecode.c.h; path = "UIColor+RMFoundation.h"; sourceTree = "<group>"; };
		44D676941ED561EC00579497 /* UIColor+RMFoundation.m */ = {isa = PBXFileReference; fileEncoding = 4; lastKnownFileType = sourcecode.c.objc; path = "UIColor+RMFoundation.m"; sourceTree = "<group>"; };
		44D6769C1ED5684400579497 /* UIImage+RMFoundation.h */ = {isa = PBXFileReference; fileEncoding = 4; lastKnownFileType = sourcecode.c.h; path = "UIImage+RMFoundation.h"; sourceTree = "<group>"; };
		44D6769D1ED5684400579497 /* UIImage+RMFoundation.m */ = {isa = PBXFileReference; fileEncoding = 4; lastKnownFileType = sourcecode.c.objc; path = "UIImage+RMFoundation.m"; sourceTree = "<group>"; };
		44D6769F1ED568C100579497 /* AppConstant.h */ = {isa = PBXFileReference; lastKnownFileType = sourcecode.c.h; path = AppConstant.h; sourceTree = "<group>"; };
		44D676A01ED56A3A00579497 /* RMNavigationController.h */ = {isa = PBXFileReference; fileEncoding = 4; lastKnownFileType = sourcecode.c.h; path = RMNavigationController.h; sourceTree = "<group>"; };
		44D676A11ED56A3A00579497 /* RMNavigationController.m */ = {isa = PBXFileReference; fileEncoding = 4; lastKnownFileType = sourcecode.c.objc; path = RMNavigationController.m; sourceTree = "<group>"; };
		44D676B01ED57A4400579497 /* RMUtils.h */ = {isa = PBXFileReference; fileEncoding = 4; lastKnownFileType = sourcecode.c.h; path = RMUtils.h; sourceTree = "<group>"; };
		44D676B11ED57A4400579497 /* RMUtils.m */ = {isa = PBXFileReference; fileEncoding = 4; lastKnownFileType = sourcecode.c.objc; path = RMUtils.m; sourceTree = "<group>"; };
		44D676B31ED57B0700579497 /* NSString+RMFoundation.h */ = {isa = PBXFileReference; fileEncoding = 4; lastKnownFileType = sourcecode.c.h; path = "NSString+RMFoundation.h"; sourceTree = "<group>"; };
		44D676B41ED57B0700579497 /* NSString+RMFoundation.m */ = {isa = PBXFileReference; fileEncoding = 4; lastKnownFileType = sourcecode.c.objc; path = "NSString+RMFoundation.m"; sourceTree = "<group>"; };
		44D676B61ED57BF400579497 /* iOSPlatform.plist */ = {isa = PBXFileReference; fileEncoding = 4; lastKnownFileType = text.plist.xml; path = iOSPlatform.plist; sourceTree = "<group>"; };
		64A20D17F0F0B1CE5DB3B5C0 /* Pods-SmartMall.release.xcconfig */ = {isa = PBXFileReference; includeInIndex = 1; lastKnownFileType = text.xcconfig; name = "Pods-SmartMall.release.xcconfig"; path = "Pods/Target Support Files/Pods-SmartMall/Pods-SmartMall.release.xcconfig"; sourceTree = "<group>"; };
		AD63607DA3AF56FF0E98D321 /* Pods-SmartMall.debug.xcconfig */ = {isa = PBXFileReference; includeInIndex = 1; lastKnownFileType = text.xcconfig; name = "Pods-SmartMall.debug.xcconfig"; path = "Pods/Target Support Files/Pods-SmartMall/Pods-SmartMall.debug.xcconfig"; sourceTree = "<group>"; };
/* End PBXFileReference section */

/* Begin PBXFrameworksBuildPhase section */
		44D6764C1ED5272F00579497 /* Frameworks */ = {
			isa = PBXFrameworksBuildPhase;
			buildActionMask = 2147483647;
			files = (
				440D3D3D1ED925C400C09F01 /* Photos.framework in Frameworks */,
				249EE46AC94AF680970DCE69 /* libPods-SmartMall.a in Frameworks */,
			);
			runOnlyForDeploymentPostprocessing = 0;
		};
/* End PBXFrameworksBuildPhase section */

/* Begin PBXGroup section */
		440D3CBD1ED9107300C09F01 /* Resource */ = {
			isa = PBXGroup;
			children = (
				440D3CBE1ED910F900C09F01 /* Commonly */,
			);
			path = Resource;
			sourceTree = "<group>";
		};
		440D3CBE1ED910F900C09F01 /* Commonly */ = {
			isa = PBXGroup;
			children = (
				440D3CBF1ED910F900C09F01 /* back@3x.png */,
			);
			path = Commonly;
			sourceTree = "<group>";
		};
		440D3CC11ED919C700C09F01 /* KMNavigationBarTransition */ = {
			isa = PBXGroup;
			children = (
				440D3CC21ED919C700C09F01 /* KMSwizzle.h */,
				440D3CC31ED919C700C09F01 /* KMSwizzle.m */,
				440D3CC41ED919C700C09F01 /* KMWeakObjectContainer.h */,
				440D3CC51ED919C700C09F01 /* KMWeakObjectContainer.m */,
				440D3CC61ED919C700C09F01 /* UINavigationController+KMNavigationBarTransition.h */,
				440D3CC71ED919C700C09F01 /* UINavigationController+KMNavigationBarTransition.m */,
				440D3CC81ED919C700C09F01 /* UIViewController+KMNavigationBarTransition.h */,
				440D3CC91ED919C700C09F01 /* UIViewController+KMNavigationBarTransition.m */,
			);
			path = KMNavigationBarTransition;
			sourceTree = "<group>";
		};
		440D3CCE1ED9254F00C09F01 /* PhotosFiles */ = {
			isa = PBXGroup;
			children = (
				440D3CCF1ED9254F00C09F01 /* BaseClass */,
				440D3CD21ED9254F00C09F01 /* Brower */,
				440D3CD91ED9254F00C09F01 /* Group */,
				440D3CE01ED9254F00C09F01 /* Navigation */,
				440D3CE51ED9254F00C09F01 /* PhotoDataManager */,
				440D3CEC1ED9254F00C09F01 /* Photos */,
				440D3CF71ED9254F00C09F01 /* PhotosStore */,
				440D3D011ED9254F00C09F01 /* Supporting */,
			);
			path = PhotosFiles;
			sourceTree = "<group>";
		};
		440D3CCF1ED9254F00C09F01 /* BaseClass */ = {
			isa = PBXGroup;
			children = (
				440D3CD01ED9254F00C09F01 /* RITLPhotoBaseViewModel.h */,
				440D3CD11ED9254F00C09F01 /* RITLPhotoBaseViewModel.m */,
			);
			path = BaseClass;
			sourceTree = "<group>";
		};
		440D3CD21ED9254F00C09F01 /* Brower */ = {
			isa = PBXGroup;
			children = (
				440D3CD31ED9254F00C09F01 /* RITLPhotoBrowseCell.h */,
				440D3CD41ED9254F00C09F01 /* RITLPhotoBrowseCell.m */,
				440D3CD51ED9254F00C09F01 /* RITLPhotoBrowseController.h */,
				440D3CD61ED9254F00C09F01 /* RITLPhotoBrowseController.m */,
				440D3CD71ED9254F00C09F01 /* RITLPhotoBrowseViewModel.h */,
				440D3CD81ED9254F00C09F01 /* RITLPhotoBrowseViewModel.m */,
			);
			path = Brower;
			sourceTree = "<group>";
		};
		440D3CD91ED9254F00C09F01 /* Group */ = {
			isa = PBXGroup;
			children = (
				440D3CDA1ED9254F00C09F01 /* RITLPhotoGroupCell.h */,
				440D3CDB1ED9254F00C09F01 /* RITLPhotoGroupCell.m */,
				440D3CDC1ED9254F00C09F01 /* RITLPhotoGroupViewController.h */,
				440D3CDD1ED9254F00C09F01 /* RITLPhotoGroupViewController.m */,
				440D3CDE1ED9254F00C09F01 /* RITLPhotoGroupViewModel.h */,
				440D3CDF1ED9254F00C09F01 /* RITLPhotoGroupViewModel.m */,
			);
			path = Group;
			sourceTree = "<group>";
		};
		440D3CE01ED9254F00C09F01 /* Navigation */ = {
			isa = PBXGroup;
			children = (
				440D3CE11ED9254F00C09F01 /* RITLPhotoNavigationViewController.h */,
				440D3CE21ED9254F00C09F01 /* RITLPhotoNavigationViewController.m */,
				440D3CE31ED9254F00C09F01 /* RITLPhotoNavigationViewModel.h */,
				440D3CE41ED9254F00C09F01 /* RITLPhotoNavigationViewModel.m */,
			);
			path = Navigation;
			sourceTree = "<group>";
		};
		440D3CE51ED9254F00C09F01 /* PhotoDataManager */ = {
			isa = PBXGroup;
			children = (
				440D3CE61ED9254F00C09F01 /* RITLPhotoBridgeManager.h */,
				440D3CE71ED9254F00C09F01 /* RITLPhotoBridgeManager.m */,
				440D3CE81ED9254F00C09F01 /* RITLPhotoCacheManager.h */,
				440D3CE91ED9254F00C09F01 /* RITLPhotoCacheManager.mm */,
				440D3CEA1ED9254F00C09F01 /* RITLPhotoHandleManager.h */,
				440D3CEB1ED9254F00C09F01 /* RITLPhotoHandleManager.m */,
			);
			path = PhotoDataManager;
			sourceTree = "<group>";
		};
		440D3CEC1ED9254F00C09F01 /* Photos */ = {
			isa = PBXGroup;
			children = (
				440D3CED1ED9254F00C09F01 /* RITLPhotoBottomReusableView.h */,
				440D3CEE1ED9254F00C09F01 /* RITLPhotoBottomReusableView.m */,
				440D3CEF1ED9254F00C09F01 /* RITLPhotoPreviewController.h */,
				440D3CF01ED9254F00C09F01 /* RITLPhotoPreviewController.m */,
				440D3CF11ED9254F00C09F01 /* RITLPhotosCell.h */,
				440D3CF21ED9254F00C09F01 /* RITLPhotosCell.m */,
				440D3CF31ED9254F00C09F01 /* RITLPhotosViewController.h */,
				440D3CF41ED9254F00C09F01 /* RITLPhotosViewController.m */,
				440D3CF51ED9254F00C09F01 /* RITLPhotosViewModel.h */,
				440D3CF61ED9254F00C09F01 /* RITLPhotosViewModel.m */,
			);
			path = Photos;
			sourceTree = "<group>";
		};
		440D3CF71ED9254F00C09F01 /* PhotosStore */ = {
			isa = PBXGroup;
			children = (
				440D3CF81ED9254F00C09F01 /* Localizable.strings */,
				440D3CFA1ED9254F00C09F01 /* RITLPhotoRequestStore.h */,
				440D3CFB1ED9254F00C09F01 /* RITLPhotoRequestStore.m */,
				440D3CFC1ED9254F00C09F01 /* RITLPhotoStore.h */,
				440D3CFD1ED9254F00C09F01 /* RITLPhotoStore.m */,
				440D3CFE1ED9254F00C09F01 /* RITLPhotoStoreConfiguraion.h */,
				440D3CFF1ED9254F00C09F01 /* RITLPhotoStoreConfiguraion.m */,
			);
			path = PhotosStore;
			sourceTree = "<group>";
		};
		440D3D011ED9254F00C09F01 /* Supporting */ = {
			isa = PBXGroup;
			children = (
				440D3D021ED9254F00C09F01 /* Category */,
				440D3D131ED9254F00C09F01 /* Protocol */,
				440D3D1C1ED9254F00C09F01 /* RITLPhotoConfig.h */,
				440D3D1D1ED9254F00C09F01 /* RITLPhotos.xcassets */,
			);
			path = Supporting;
			sourceTree = "<group>";
		};
		440D3D021ED9254F00C09F01 /* Category */ = {
			isa = PBXGroup;
			children = (
				440D3D031ED9254F00C09F01 /* PHAsset+RITLPhotoRepresentation.h */,
				440D3D041ED9254F00C09F01 /* PHAsset+RITLPhotoRepresentation.m */,
				440D3D051ED9254F00C09F01 /* PHAssetCollection+RITLPhotoRepresentation.h */,
				440D3D061ED9254F00C09F01 /* PHAssetCollection+RITLPhotoRepresentation.m */,
				440D3D071ED9254F00C09F01 /* PHFetchResult+RITLPhotoRepresentation.h */,
				440D3D081ED9254F00C09F01 /* PHFetchResult+RITLPhotoRepresentation.m */,
				440D3D091ED9254F00C09F01 /* PHImageRequestOptions+RITLPhotoRepresentation.h */,
				440D3D0A1ED9254F00C09F01 /* PHImageRequestOptions+RITLPhotoRepresentation.m */,
				440D3D0B1ED9254F00C09F01 /* UIBar+RITLPhotos.h */,
				440D3D0C1ED9254F00C09F01 /* UIBar+RITLPhotos.m */,
				440D3D0D1ED9254F00C09F01 /* UIButton+RITLBlockButton.h */,
				440D3D0E1ED9254F00C09F01 /* UIButton+RITLBlockButton.m */,
				440D3D0F1ED9254F00C09F01 /* UIView+RITLFrameChanged.h */,
				440D3D101ED9254F00C09F01 /* UIView+RITLFrameChanged.m */,
				440D3D111ED9254F00C09F01 /* UIViewController+RITLPhotoAlertController.h */,
				440D3D121ED9254F00C09F01 /* UIViewController+RITLPhotoAlertController.m */,
			);
			path = Category;
			sourceTree = "<group>";
		};
		440D3D131ED9254F00C09F01 /* Protocol */ = {
			isa = PBXGroup;
			children = (
				440D3D141ED9254F00C09F01 /* RITLPhotoCollectionCellViewModel.h */,
				440D3D151ED9254F00C09F01 /* RITLPhotoCollectionViewModel.h */,
				440D3D161ED9254F00C09F01 /* RITLPhotoPublicViewModel.h */,
				440D3D171ED9254F00C09F01 /* RITLPhotoScrollViewModel.h */,
				440D3D181ED9254F00C09F01 /* RITLPhotoTableCellViewModel.h */,
				440D3D191ED9254F00C09F01 /* RITLPhotoTableViewModel.h */,
				440D3D1A1ED9254F00C09F01 /* RITLPhotoTextFieldViewModel.h */,
				440D3D1B1ED9254F00C09F01 /* RITLPhotoViewController.h */,
			);
			path = Protocol;
			sourceTree = "<group>";
		};
		440D3D3E1ED92F4500C09F01 /* BannerView */ = {
			isa = PBXGroup;
			children = (
				440D3D3F1ED92F5800C09F01 /* RMBannerView.h */,
				440D3D401ED92F5800C09F01 /* RMBannerView.m */,
				440D3D421ED94ED800C09F01 /* BannerCell.h */,
				440D3D431ED94ED800C09F01 /* BannerCell.m */,
				440D3D451ED9547300C09F01 /* default_375_250@2x.png */,
			);
			path = BannerView;
			sourceTree = "<group>";
		};
		444E669E1ED6B0FC0016C80D /* AppDelegate */ = {
			isa = PBXGroup;
			children = (
				444E669F1ED6B0FC0016C80D /* AppDelegate.h */,
				444E66A01ED6B0FC0016C80D /* AppDelegate.m */,
				448CF8E41ED7BB5E00AE26CF /* AppDelegate+CompletionHandler.h */,
				448CF8E51ED7BB5E00AE26CF /* AppDelegate+CompletionHandler.m */,
				448CF8F71ED7CD6800AE26CF /* AppDelegate+PushHandler.h */,
				448CF8F81ED7CD6800AE26CF /* AppDelegate+PushHandler.m */,
			);
			path = AppDelegate;
			sourceTree = "<group>";
		};
		444E66A21ED6B15F0016C80D /* Manager */ = {
			isa = PBXGroup;
			children = (
				448CF8E71ED7BEBD00AE26CF /* LocationManager */,
				448CF8E21ED7B68000AE26CF /* NetworkManager */,
				448CF8E31ED7B68000AE26CF /* UserManager */,
				444E66A31ED6B15F0016C80D /* AppLaunchManager */,
				444E66A61ED6B15F0016C80D /* DataManager */,
			);
			path = Manager;
			sourceTree = "<group>";
		};
		444E66A31ED6B15F0016C80D /* AppLaunchManager */ = {
			isa = PBXGroup;
			children = (
				444E66A41ED6B15F0016C80D /* LaunchManager.h */,
				444E66A51ED6B15F0016C80D /* LaunchManager.m */,
			);
			path = AppLaunchManager;
			sourceTree = "<group>";
		};
		444E66A61ED6B15F0016C80D /* DataManager */ = {
			isa = PBXGroup;
			children = (
				444E66A71ED6B15F0016C80D /* BaseDBModel.h */,
				444E66A81ED6B15F0016C80D /* BaseDBModel.m */,
				444E66A91ED6B15F0016C80D /* DataBaseManager.h */,
				444E66AA1ED6B15F0016C80D /* DataBaseManager.m */,
			);
			path = DataManager;
			sourceTree = "<group>";
		};
		448CF8D71ED7B64100AE26CF /* HomeModule */ = {
			isa = PBXGroup;
			children = (
				448CF8D81ED7B64100AE26CF /* Home */,
			);
			path = HomeModule;
			sourceTree = "<group>";
		};
		448CF8D81ED7B64100AE26CF /* Home */ = {
			isa = PBXGroup;
			children = (
				448CF8D91ED7B64100AE26CF /* Controllers */,
				448CF8DE1ED7B64100AE26CF /* Model */,
				448CF8DF1ED7B64100AE26CF /* View */,
			);
			path = Home;
			sourceTree = "<group>";
		};
		448CF8D91ED7B64100AE26CF /* Controllers */ = {
			isa = PBXGroup;
			children = (
				448CF8DA1ED7B64100AE26CF /* HomeViewController.h */,
				448CF8DB1ED7B64100AE26CF /* HomeViewController.m */,
				448CF8DC1ED7B64100AE26CF /* NextViewController.h */,
				448CF8DD1ED7B64100AE26CF /* NextViewController.m */,
			);
			path = Controllers;
			sourceTree = "<group>";
		};
		448CF8DE1ED7B64100AE26CF /* Model */ = {
			isa = PBXGroup;
			children = (
			);
			path = Model;
			sourceTree = "<group>";
		};
		448CF8DF1ED7B64100AE26CF /* View */ = {
			isa = PBXGroup;
			children = (
			);
			path = View;
			sourceTree = "<group>";
		};
		448CF8E21ED7B68000AE26CF /* NetworkManager */ = {
			isa = PBXGroup;
			children = (
				448CF8FA1ED7D09B00AE26CF /* PPNetworkCache.h */,
				448CF8FB1ED7D09B00AE26CF /* PPNetworkCache.m */,
				448CF8FC1ED7D09B00AE26CF /* PPNetworkHelper.h */,
				448CF8FD1ED7D09B00AE26CF /* PPNetworkHelper.m */,
				448CF8F41ED7C9A400AE26CF /* RMBaseRequest.h */,
				448CF8F51ED7C9A400AE26CF /* RMBaseRequest.m */,
			);
			path = NetworkManager;
			sourceTree = "<group>";
		};
		448CF8E31ED7B68000AE26CF /* UserManager */ = {
			isa = PBXGroup;
			children = (
				448CF8F11ED7C93D00AE26CF /* UserManager.h */,
				448CF8F21ED7C93D00AE26CF /* UserManager.m */,
			);
			path = UserManager;
			sourceTree = "<group>";
		};
		448CF8E71ED7BEBD00AE26CF /* LocationManager */ = {
			isa = PBXGroup;
			children = (
				448CF8E81ED7BEBD00AE26CF /* ChineseToPinyin.h */,
				448CF8E91ED7BEBD00AE26CF /* ChineseToPinyin.m */,
				448CF8EA1ED7BEBD00AE26CF /* LocationInfo.h */,
				448CF8EB1ED7BEBD00AE26CF /* LocationInfo.m */,
				448CF8EC1ED7BEBD00AE26CF /* LocationManager.h */,
				448CF8ED1ED7BEBD00AE26CF /* LocationManager.m */,
			);
			path = LocationManager;
			sourceTree = "<group>";
		};
		44D676461ED5272F00579497 = {
			isa = PBXGroup;
			children = (
				44D676511ED5272F00579497 /* SmartMall */,
				44D676501ED5272F00579497 /* Products */,
				843304BCFECBF659EDB8D945 /* Pods */,
				D39F71E808433697394EC6FF /* Frameworks */,
			);
			sourceTree = "<group>";
		};
		44D676501ED5272F00579497 /* Products */ = {
			isa = PBXGroup;
			children = (
				44D6764F1ED5272F00579497 /* SmartMall.app */,
			);
			name = Products;
			sourceTree = "<group>";
		};
		44D676511ED5272F00579497 /* SmartMall */ = {
			isa = PBXGroup;
			children = (
				444E669E1ED6B0FC0016C80D /* AppDelegate */,
				44D6766E1ED5365100579497 /* Modules */,
				444E66A21ED6B15F0016C80D /* Manager */,
				44D6766F1ED5365100579497 /* Utils */,
				44D6766A1ED5365100579497 /* Common */,
				44D6766B1ED5365100579497 /* Constant */,
				440D3CBD1ED9107300C09F01 /* Resource */,
				44D676721ED558EE00579497 /* Marcro */,
				44D676691ED5365100579497 /* Base */,
				44D676701ED5365100579497 /* Vendors */,
				44D676521ED5272F00579497 /* Supporting Files */,
			);
			path = SmartMall;
			sourceTree = "<group>";
		};
		44D676521ED5272F00579497 /* Supporting Files */ = {
			isa = PBXGroup;
			children = (
				44D676631ED5272F00579497 /* Info.plist */,
				44D6765E1ED5272F00579497 /* Assets.xcassets */,
				44D676531ED5272F00579497 /* main.m */,
				44D676711ED53C7F00579497 /* SmartMall.pch */,
			);
			name = "Supporting Files";
			sourceTree = "<group>";
		};
		44D676691ED5365100579497 /* Base */ = {
			isa = PBXGroup;
			children = (
				44D6767D1ED55D1D00579497 /* RMViewController.h */,
				44D6767E1ED55D1D00579497 /* RMViewController.m */,
				44D676901ED55EBF00579497 /* ContainerViewController.h */,
				44D676911ED55EBF00579497 /* ContainerViewController.m */,
				44D676A01ED56A3A00579497 /* RMNavigationController.h */,
				44D676A11ED56A3A00579497 /* RMNavigationController.m */,
			);
			path = Base;
			sourceTree = "<group>";
		};
		44D6766A1ED5365100579497 /* Common */ = {
			isa = PBXGroup;
			children = (
				440D3D3E1ED92F4500C09F01 /* BannerView */,
				44D676751ED559C800579497 /* RMFoundation */,
			);
			path = Common;
			sourceTree = "<group>";
		};
		44D6766B1ED5365100579497 /* Constant */ = {
			isa = PBXGroup;
			children = (
				44D6769F1ED568C100579497 /* AppConstant.h */,
				444E66AE1ED6B2CD0016C80D /* EnumConstant.h */,
				444E66AF1ED6B4300016C80D /* FontsConstant.h */,
			);
			path = Constant;
			sourceTree = "<group>";
		};
		44D6766E1ED5365100579497 /* Modules */ = {
			isa = PBXGroup;
			children = (
				448CF8D71ED7B64100AE26CF /* HomeModule */,
			);
			path = Modules;
			sourceTree = "<group>";
		};
		44D6766F1ED5365100579497 /* Utils */ = {
			isa = PBXGroup;
			children = (
				44D676B61ED57BF400579497 /* iOSPlatform.plist */,
				44D676B01ED57A4400579497 /* RMUtils.h */,
				44D676B11ED57A4400579497 /* RMUtils.m */,
			);
			path = Utils;
			sourceTree = "<group>";
		};
		44D676701ED5365100579497 /* Vendors */ = {
			isa = PBXGroup;
			children = (
				440D3CCE1ED9254F00C09F01 /* PhotosFiles */,
				440D3CC11ED919C700C09F01 /* KMNavigationBarTransition */,
			);
			path = Vendors;
			sourceTree = "<group>";
		};
		44D676721ED558EE00579497 /* Marcro */ = {
			isa = PBXGroup;
			children = (
				44D676731ED5590100579497 /* GlobalMarcro.h */,
				44D676741ED5591C00579497 /* GlobalHeader.h */,
			);
			path = Marcro;
			sourceTree = "<group>";
		};
		44D676751ED559C800579497 /* RMFoundation */ = {
			isa = PBXGroup;
			children = (
				44D676761ED55AF100579497 /* NSDate+RMFoundation.h */,
				44D676771ED55AF100579497 /* NSDate+RMFoundation.m */,
				44D676931ED561EC00579497 /* UIColor+RMFoundation.h */,
				44D676941ED561EC00579497 /* UIColor+RMFoundation.m */,
				44D6769C1ED5684400579497 /* UIImage+RMFoundation.h */,
				44D6769D1ED5684400579497 /* UIImage+RMFoundation.m */,
				44D676B31ED57B0700579497 /* NSString+RMFoundation.h */,
				44D676B41ED57B0700579497 /* NSString+RMFoundation.m */,
			);
			path = RMFoundation;
			sourceTree = "<group>";
		};
		843304BCFECBF659EDB8D945 /* Pods */ = {
			isa = PBXGroup;
			children = (
				AD63607DA3AF56FF0E98D321 /* Pods-SmartMall.debug.xcconfig */,
				64A20D17F0F0B1CE5DB3B5C0 /* Pods-SmartMall.release.xcconfig */,
			);
			name = Pods;
			sourceTree = "<group>";
		};
		D39F71E808433697394EC6FF /* Frameworks */ = {
			isa = PBXGroup;
			children = (
				440D3D3C1ED925C400C09F01 /* Photos.framework */,
				0CCBCD19B6B82DB0CECE6BF8 /* libPods-SmartMall.a */,
			);
			name = Frameworks;
			sourceTree = "<group>";
		};
/* End PBXGroup section */

/* Begin PBXNativeTarget section */
		44D6764E1ED5272F00579497 /* SmartMall */ = {
			isa = PBXNativeTarget;
			buildConfigurationList = 44D676661ED5272F00579497 /* Build configuration list for PBXNativeTarget "SmartMall" */;
			buildPhases = (
				6BF4AA8D538B624C9B0CD213 /* [CP] Check Pods Manifest.lock */,
				44D6764B1ED5272F00579497 /* Sources */,
				44D6764C1ED5272F00579497 /* Frameworks */,
				44D6764D1ED5272F00579497 /* Resources */,
				EB962CF20252247EFA6E2DAB /* [CP] Embed Pods Frameworks */,
				2BCD4E9C73856885AC735AEC /* [CP] Copy Pods Resources */,
			);
			buildRules = (
			);
			dependencies = (
			);
			name = SmartMall;
			productName = SmartMall;
			productReference = 44D6764F1ED5272F00579497 /* SmartMall.app */;
			productType = "com.apple.product-type.application";
		};
/* End PBXNativeTarget section */

/* Begin PBXProject section */
		44D676471ED5272F00579497 /* Project object */ = {
			isa = PBXProject;
			attributes = {
				LastUpgradeCheck = 0830;
				ORGANIZATIONNAME = SmartHome;
				TargetAttributes = {
					44D6764E1ED5272F00579497 = {
						CreatedOnToolsVersion = 8.3.2;
						ProvisioningStyle = Automatic;
					};
				};
			};
			buildConfigurationList = 44D6764A1ED5272F00579497 /* Build configuration list for PBXProject "SmartMall" */;
			compatibilityVersion = "Xcode 3.2";
			developmentRegion = English;
			hasScannedForEncodings = 0;
			knownRegions = (
				en,
				Base,
				"zh-Hans",
			);
			mainGroup = 44D676461ED5272F00579497;
			productRefGroup = 44D676501ED5272F00579497 /* Products */;
			projectDirPath = "";
			projectRoot = "";
			targets = (
				44D6764E1ED5272F00579497 /* SmartMall */,
			);
		};
/* End PBXProject section */

/* Begin PBXResourcesBuildPhase section */
		44D6764D1ED5272F00579497 /* Resources */ = {
			isa = PBXResourcesBuildPhase;
			buildActionMask = 2147483647;
			files = (
				44D6765F1ED5272F00579497 /* Assets.xcassets in Resources */,
				440D3D2F1ED9254F00C09F01 /* Localizable.strings in Resources */,
				440D3D461ED9547300C09F01 /* default_375_250@2x.png in Resources */,
				44D676B71ED57BF400579497 /* iOSPlatform.plist in Resources */,
				440D3CC01ED910F900C09F01 /* back@3x.png in Resources */,
				440D3D3B1ED9254F00C09F01 /* RITLPhotos.xcassets in Resources */,
			);
			runOnlyForDeploymentPostprocessing = 0;
		};
/* End PBXResourcesBuildPhase section */

/* Begin PBXShellScriptBuildPhase section */
		2BCD4E9C73856885AC735AEC /* [CP] Copy Pods Resources */ = {
			isa = PBXShellScriptBuildPhase;
			buildActionMask = 2147483647;
			files = (
			);
			inputPaths = (
			);
			name = "[CP] Copy Pods Resources";
			outputPaths = (
			);
			runOnlyForDeploymentPostprocessing = 0;
			shellPath = /bin/sh;
			shellScript = "\"${SRCROOT}/Pods/Target Support Files/Pods-SmartMall/Pods-SmartMall-resources.sh\"\n";
			showEnvVarsInLog = 0;
		};
		6BF4AA8D538B624C9B0CD213 /* [CP] Check Pods Manifest.lock */ = {
			isa = PBXShellScriptBuildPhase;
			buildActionMask = 2147483647;
			files = (
			);
			inputPaths = (
			);
			name = "[CP] Check Pods Manifest.lock";
			outputPaths = (
			);
			runOnlyForDeploymentPostprocessing = 0;
			shellPath = /bin/sh;
			shellScript = "diff \"${PODS_ROOT}/../Podfile.lock\" \"${PODS_ROOT}/Manifest.lock\" > /dev/null\nif [ $? != 0 ] ; then\n    # print error to STDERR\n    echo \"error: The sandbox is not in sync with the Podfile.lock. Run 'pod install' or update your CocoaPods installation.\" >&2\n    exit 1\nfi\n";
			showEnvVarsInLog = 0;
		};
		EB962CF20252247EFA6E2DAB /* [CP] Embed Pods Frameworks */ = {
			isa = PBXShellScriptBuildPhase;
			buildActionMask = 2147483647;
			files = (
			);
			inputPaths = (
			);
			name = "[CP] Embed Pods Frameworks";
			outputPaths = (
			);
			runOnlyForDeploymentPostprocessing = 0;
			shellPath = /bin/sh;
			shellScript = "\"${SRCROOT}/Pods/Target Support Files/Pods-SmartMall/Pods-SmartMall-frameworks.sh\"\n";
			showEnvVarsInLog = 0;
		};
/* End PBXShellScriptBuildPhase section */

/* Begin PBXSourcesBuildPhase section */
		44D6764B1ED5272F00579497 /* Sources */ = {
			isa = PBXSourcesBuildPhase;
			buildActionMask = 2147483647;
			files = (
				440D3D281ED9254F00C09F01 /* RITLPhotoCacheManager.mm in Sources */,
				440D3D271ED9254F00C09F01 /* RITLPhotoBridgeManager.m in Sources */,
				440D3D381ED9254F00C09F01 /* UIButton+RITLBlockButton.m in Sources */,
				440D3D441ED94ED800C09F01 /* BannerCell.m in Sources */,
				444E66AC1ED6B15F0016C80D /* BaseDBModel.m in Sources */,
				44D6767F1ED55D1D00579497 /* RMViewController.m in Sources */,
				440D3D411ED92F5800C09F01 /* RMBannerView.m in Sources */,
				440D3D2D1ED9254F00C09F01 /* RITLPhotosViewController.m in Sources */,
				440D3D241ED9254F00C09F01 /* RITLPhotoGroupViewModel.m in Sources */,
				44D676B51ED57B0700579497 /* NSString+RMFoundation.m in Sources */,
				440D3D1F1ED9254F00C09F01 /* RITLPhotoBrowseCell.m in Sources */,
				440D3CCC1ED919C700C09F01 /* UINavigationController+KMNavigationBarTransition.m in Sources */,
				440D3D301ED9254F00C09F01 /* RITLPhotoRequestStore.m in Sources */,
				448CF8EE1ED7BEBD00AE26CF /* ChineseToPinyin.m in Sources */,
				440D3D231ED9254F00C09F01 /* RITLPhotoGroupViewController.m in Sources */,
				440D3D2B1ED9254F00C09F01 /* RITLPhotoPreviewController.m in Sources */,
				440D3CCA1ED919C700C09F01 /* KMSwizzle.m in Sources */,
				44D6769E1ED5684400579497 /* UIImage+RMFoundation.m in Sources */,
				440D3D251ED9254F00C09F01 /* RITLPhotoNavigationViewController.m in Sources */,
				440D3CCD1ED919C700C09F01 /* UIViewController+KMNavigationBarTransition.m in Sources */,
				440D3D361ED9254F00C09F01 /* PHImageRequestOptions+RITLPhotoRepresentation.m in Sources */,
				444E66AD1ED6B15F0016C80D /* DataBaseManager.m in Sources */,
				440D3D291ED9254F00C09F01 /* RITLPhotoHandleManager.m in Sources */,
				448CF8EF1ED7BEBD00AE26CF /* LocationInfo.m in Sources */,
				448CF8E01ED7B64100AE26CF /* HomeViewController.m in Sources */,
				440D3D3A1ED9254F00C09F01 /* UIViewController+RITLPhotoAlertController.m in Sources */,
				440D3D2A1ED9254F00C09F01 /* RITLPhotoBottomReusableView.m in Sources */,
				440D3D2C1ED9254F00C09F01 /* RITLPhotosCell.m in Sources */,
				440D3D201ED9254F00C09F01 /* RITLPhotoBrowseController.m in Sources */,
				448CF8F31ED7C93D00AE26CF /* UserManager.m in Sources */,
				440D3D261ED9254F00C09F01 /* RITLPhotoNavigationViewModel.m in Sources */,
				44D676781ED55AF100579497 /* NSDate+RMFoundation.m in Sources */,
				44D676A21ED56A3A00579497 /* RMNavigationController.m in Sources */,
				44D676921ED55EBF00579497 /* ContainerViewController.m in Sources */,
				440D3D371ED9254F00C09F01 /* UIBar+RITLPhotos.m in Sources */,
				44D676951ED561EC00579497 /* UIColor+RMFoundation.m in Sources */,
				440D3D2E1ED9254F00C09F01 /* RITLPhotosViewModel.m in Sources */,
				440D3D221ED9254F00C09F01 /* RITLPhotoGroupCell.m in Sources */,
				440D3CCB1ED919C700C09F01 /* KMWeakObjectContainer.m in Sources */,
				444E66AB1ED6B15F0016C80D /* LaunchManager.m in Sources */,
				448CF8E61ED7BB5E00AE26CF /* AppDelegate+CompletionHandler.m in Sources */,
				448CF8FE1ED7D09B00AE26CF /* PPNetworkCache.m in Sources */,
				44D676B21ED57A4400579497 /* RMUtils.m in Sources */,
				440D3D1E1ED9254F00C09F01 /* RITLPhotoBaseViewModel.m in Sources */,
				440D3D311ED9254F00C09F01 /* RITLPhotoStore.m in Sources */,
				440D3D351ED9254F00C09F01 /* PHFetchResult+RITLPhotoRepresentation.m in Sources */,
				440D3D391ED9254F00C09F01 /* UIView+RITLFrameChanged.m in Sources */,
				440D3D211ED9254F00C09F01 /* RITLPhotoBrowseViewModel.m in Sources */,
				440D3D331ED9254F00C09F01 /* PHAsset+RITLPhotoRepresentation.m in Sources */,
				44D676541ED5272F00579497 /* main.m in Sources */,
				448CF8F91ED7CD6800AE26CF /* AppDelegate+PushHandler.m in Sources */,
				448CF8FF1ED7D09B00AE26CF /* PPNetworkHelper.m in Sources */,
				448CF8F01ED7BEBD00AE26CF /* LocationManager.m in Sources */,
				444E66A11ED6B0FC0016C80D /* AppDelegate.m in Sources */,
				440D3D321ED9254F00C09F01 /* RITLPhotoStoreConfiguraion.m in Sources */,
				440D3D341ED9254F00C09F01 /* PHAssetCollection+RITLPhotoRepresentation.m in Sources */,
				448CF8F61ED7C9A400AE26CF /* RMBaseRequest.m in Sources */,
				448CF8E11ED7B64100AE26CF /* NextViewController.m in Sources */,
			);
			runOnlyForDeploymentPostprocessing = 0;
		};
/* End PBXSourcesBuildPhase section */

/* Begin PBXVariantGroup section */
		440D3CF81ED9254F00C09F01 /* Localizable.strings */ = {
			isa = PBXVariantGroup;
			children = (
				440D3CF91ED9254F00C09F01 /* en */,
				440D3D001ED9254F00C09F01 /* zh-Hans */,
			);
			name = Localizable.strings;
			sourceTree = "<group>";
		};
/* End PBXVariantGroup section */

/* Begin XCBuildConfiguration section */
		44D676641ED5272F00579497 /* Debug */ = {
			isa = XCBuildConfiguration;
			buildSettings = {
				ALWAYS_SEARCH_USER_PATHS = NO;
				CLANG_ANALYZER_NONNULL = YES;
				CLANG_ANALYZER_NUMBER_OBJECT_CONVERSION = YES_AGGRESSIVE;
				CLANG_CXX_LANGUAGE_STANDARD = "gnu++0x";
				CLANG_CXX_LIBRARY = "libc++";
				CLANG_ENABLE_MODULES = YES;
				CLANG_ENABLE_OBJC_ARC = YES;
				CLANG_WARN_BOOL_CONVERSION = YES;
				CLANG_WARN_CONSTANT_CONVERSION = YES;
				CLANG_WARN_DIRECT_OBJC_ISA_USAGE = YES_ERROR;
				CLANG_WARN_DOCUMENTATION_COMMENTS = YES;
				CLANG_WARN_EMPTY_BODY = YES;
				CLANG_WARN_ENUM_CONVERSION = YES;
				CLANG_WARN_INFINITE_RECURSION = YES;
				CLANG_WARN_INT_CONVERSION = YES;
				CLANG_WARN_OBJC_ROOT_CLASS = YES_ERROR;
				CLANG_WARN_SUSPICIOUS_MOVE = YES;
				CLANG_WARN_UNREACHABLE_CODE = YES;
				CLANG_WARN__DUPLICATE_METHOD_MATCH = YES;
				"CODE_SIGN_IDENTITY[sdk=iphoneos*]" = "iPhone Developer";
				COPY_PHASE_STRIP = NO;
				DEBUG_INFORMATION_FORMAT = dwarf;
				ENABLE_STRICT_OBJC_MSGSEND = YES;
				ENABLE_TESTABILITY = YES;
				GCC_C_LANGUAGE_STANDARD = gnu99;
				GCC_DYNAMIC_NO_PIC = NO;
				GCC_NO_COMMON_BLOCKS = YES;
				GCC_OPTIMIZATION_LEVEL = 0;
				GCC_PREPROCESSOR_DEFINITIONS = (
					"DEBUG=1",
					"$(inherited)",
				);
				GCC_WARN_64_TO_32_BIT_CONVERSION = YES;
				GCC_WARN_ABOUT_RETURN_TYPE = YES_ERROR;
				GCC_WARN_UNDECLARED_SELECTOR = YES;
				GCC_WARN_UNINITIALIZED_AUTOS = YES_AGGRESSIVE;
				GCC_WARN_UNUSED_FUNCTION = YES;
				GCC_WARN_UNUSED_VARIABLE = YES;
				IPHONEOS_DEPLOYMENT_TARGET = 10.3;
				MTL_ENABLE_DEBUG_INFO = YES;
				ONLY_ACTIVE_ARCH = YES;
				SDKROOT = iphoneos;
			};
			name = Debug;
		};
		44D676651ED5272F00579497 /* Release */ = {
			isa = XCBuildConfiguration;
			buildSettings = {
				ALWAYS_SEARCH_USER_PATHS = NO;
				CLANG_ANALYZER_NONNULL = YES;
				CLANG_ANALYZER_NUMBER_OBJECT_CONVERSION = YES_AGGRESSIVE;
				CLANG_CXX_LANGUAGE_STANDARD = "gnu++0x";
				CLANG_CXX_LIBRARY = "libc++";
				CLANG_ENABLE_MODULES = YES;
				CLANG_ENABLE_OBJC_ARC = YES;
				CLANG_WARN_BOOL_CONVERSION = YES;
				CLANG_WARN_CONSTANT_CONVERSION = YES;
				CLANG_WARN_DIRECT_OBJC_ISA_USAGE = YES_ERROR;
				CLANG_WARN_DOCUMENTATION_COMMENTS = YES;
				CLANG_WARN_EMPTY_BODY = YES;
				CLANG_WARN_ENUM_CONVERSION = YES;
				CLANG_WARN_INFINITE_RECURSION = YES;
				CLANG_WARN_INT_CONVERSION = YES;
				CLANG_WARN_OBJC_ROOT_CLASS = YES_ERROR;
				CLANG_WARN_SUSPICIOUS_MOVE = YES;
				CLANG_WARN_UNREACHABLE_CODE = YES;
				CLANG_WARN__DUPLICATE_METHOD_MATCH = YES;
				"CODE_SIGN_IDENTITY[sdk=iphoneos*]" = "iPhone Developer";
				COPY_PHASE_STRIP = NO;
				DEBUG_INFORMATION_FORMAT = "dwarf-with-dsym";
				ENABLE_NS_ASSERTIONS = NO;
				ENABLE_STRICT_OBJC_MSGSEND = YES;
				GCC_C_LANGUAGE_STANDARD = gnu99;
				GCC_NO_COMMON_BLOCKS = YES;
				GCC_WARN_64_TO_32_BIT_CONVERSION = YES;
				GCC_WARN_ABOUT_RETURN_TYPE = YES_ERROR;
				GCC_WARN_UNDECLARED_SELECTOR = YES;
				GCC_WARN_UNINITIALIZED_AUTOS = YES_AGGRESSIVE;
				GCC_WARN_UNUSED_FUNCTION = YES;
				GCC_WARN_UNUSED_VARIABLE = YES;
				IPHONEOS_DEPLOYMENT_TARGET = 10.3;
				MTL_ENABLE_DEBUG_INFO = NO;
				SDKROOT = iphoneos;
				VALIDATE_PRODUCT = YES;
			};
			name = Release;
		};
		44D676671ED5272F00579497 /* Debug */ = {
			isa = XCBuildConfiguration;
			baseConfigurationReference = AD63607DA3AF56FF0E98D321 /* Pods-SmartMall.debug.xcconfig */;
			buildSettings = {
				ASSETCATALOG_COMPILER_APPICON_NAME = AppIcon;
				ASSETCATALOG_COMPILER_LAUNCHIMAGE_NAME = LaunchImage;
				GCC_PRECOMPILE_PREFIX_HEADER = YES;
				GCC_PREFIX_HEADER = SmartMall/SmartMall.pch;
				INFOPLIST_FILE = SmartMall/Info.plist;
				IPHONEOS_DEPLOYMENT_TARGET = 9.0;
				LD_RUNPATH_SEARCH_PATHS = "$(inherited) @executable_path/Frameworks";
				PRODUCT_BUNDLE_IDENTIFIER = com.leex.SmartMall;
				PRODUCT_NAME = "$(TARGET_NAME)";
				WARNING_CFLAGS = "";
			};
			name = Debug;
		};
		44D676681ED5272F00579497 /* Release */ = {
			isa = XCBuildConfiguration;
			baseConfigurationReference = 64A20D17F0F0B1CE5DB3B5C0 /* Pods-SmartMall.release.xcconfig */;
			buildSettings = {
				ASSETCATALOG_COMPILER_APPICON_NAME = AppIcon;
				ASSETCATALOG_COMPILER_LAUNCHIMAGE_NAME = LaunchImage;
				GCC_PRECOMPILE_PREFIX_HEADER = YES;
				GCC_PREFIX_HEADER = SmartMall/SmartMall.pch;
				INFOPLIST_FILE = SmartMall/Info.plist;
				IPHONEOS_DEPLOYMENT_TARGET = 9.0;
				LD_RUNPATH_SEARCH_PATHS = "$(inherited) @executable_path/Frameworks";
				PRODUCT_BUNDLE_IDENTIFIER = com.leex.SmartMall;
				PRODUCT_NAME = "$(TARGET_NAME)";
				WARNING_CFLAGS = "";
			};
			name = Release;
		};
/* End XCBuildConfiguration section */

/* Begin XCConfigurationList section */
		44D6764A1ED5272F00579497 /* Build configuration list for PBXProject "SmartMall" */ = {
			isa = XCConfigurationList;
			buildConfigurations = (
				44D676641ED5272F00579497 /* Debug */,
				44D676651ED5272F00579497 /* Release */,
			);
			defaultConfigurationIsVisible = 0;
			defaultConfigurationName = Release;
		};
		44D676661ED5272F00579497 /* Build configuration list for PBXNativeTarget "SmartMall" */ = {
			isa = XCConfigurationList;
			buildConfigurations = (
				44D676671ED5272F00579497 /* Debug */,
				44D676681ED5272F00579497 /* Release */,
			);
			defaultConfigurationIsVisible = 0;
			defaultConfigurationName = Release;
		};
/* End XCConfigurationList section */
	};
	rootObject = 44D676471ED5272F00579497 /* Project object */;
}
